
Microsoft Visual Studio Solution File, Format Version 12.00
# Visual Studio Version 17
VisualStudioVersion = 17.3.32811.315
MinimumVisualStudioVersion = 10.0.40219.1
Project("{FAE04EC0-301F-11D3-BF4B-00C04F79EFBC}") = "API", "API.csproj", "{E807A51B-4E41-419A-B2AA-D69550F3072C}"
EndProject
Global
	GlobalSection(SolutionConfigurationPlatforms) = preSolution
		Debug|Any CPU = Debug|Any CPU
		Release|Any CPU = Release|Any CPU
	EndGlobalSection
	GlobalSection(ProjectConfigurationPlatforms) = postSolution
		{E807A51B-4E41-419A-B2AA-D69550F3072C}.Debug|Any CPU.ActiveCfg = Debug|Any CPU
		{E807A51B-4E41-419A-B2AA-D69550F3072C}.Debug|Any CPU.Build.0 = Debug|Any CPU
		{E807A51B-4E41-419A-B2AA-D69550F3072C}.Release|Any CPU.ActiveCfg = Release|Any CPU
		{E807A51B-4E41-419A-B2AA-D69550F3072C}.Release|Any CPU.Build.0 = Release|Any CPU
	EndGlobalSection
	GlobalSection(SolutionProperties) = preSolution
		HideSolutionNode = FALSE
	EndGlobalSection
	GlobalSection(ExtensibilityGlobals) = postSolution
		SolutionGuid = {34CD0C5E-19C7-4D5D-A242-F500E55C272F}
	EndGlobalSection
EndGlobal
